// !$*UTF8*$!
{
	archiveVersion = 1;
	classes = {
	};
	objectVersion = 50;
	objects = {

/* Begin PBXBuildFile section */
		159014BE258008F2009D209D /* NSObject+ClassInjection.m in Sources */ = {isa = PBXBuildFile; fileRef = 159014BD258008F2009D209D /* NSObject+ClassInjection.m */; };
		159014C225800A10009D209D /* BPMCMessage.m in Sources */ = {isa = PBXBuildFile; fileRef = 159014C125800A10009D209D /* BPMCMessage.m */; };
		15A49330257FB2700033FB9D /* MailToolbar+BPSwizzle.m in Sources */ = {isa = PBXBuildFile; fileRef = 15A4932F257FB2700033FB9D /* MailToolbar+BPSwizzle.m */; };
		15A498F2257FB33D0033FB9D /* MessageViewer+BPSwizzle.m in Sources */ = {isa = PBXBuildFile; fileRef = 15A498F1257FB33D0033FB9D /* MessageViewer+BPSwizzle.m */; };
		15A498F6257FB4660033FB9D /* BPCodeInjector.m in Sources */ = {isa = PBXBuildFile; fileRef = 15A498F5257FB4660033FB9D /* BPCodeInjector.m */; };
		4E4E73F3257AA06B0045AD8D /* BPMailBundle.m in Sources */ = {isa = PBXBuildFile; fileRef = 4E4E73F1257AA06B0045AD8D /* BPMailBundle.m */; };
/* End PBXBuildFile section */

/* Begin PBXFileReference section */
		159014BC258008F2009D209D /* NSObject+ClassInjection.h */ = {isa = PBXFileReference; lastKnownFileType = sourcecode.c.h; path = "NSObject+ClassInjection.h"; sourceTree = "<group>"; };
		159014BD258008F2009D209D /* NSObject+ClassInjection.m */ = {isa = PBXFileReference; lastKnownFileType = sourcecode.c.objc; path = "NSObject+ClassInjection.m"; sourceTree = "<group>"; };
		159014C025800A10009D209D /* BPMCMessage.h */ = {isa = PBXFileReference; lastKnownFileType = sourcecode.c.h; path = BPMCMessage.h; sourceTree = "<group>"; };
		159014C125800A10009D209D /* BPMCMessage.m */ = {isa = PBXFileReference; lastKnownFileType = sourcecode.c.objc; path = BPMCMessage.m; sourceTree = "<group>"; };
		1590215525800E3B009D209D /* EDLibraryMessage-Protocol.h */ = {isa = PBXFileReference; fileEncoding = 4; lastKnownFileType = sourcecode.c.h; path = "EDLibraryMessage-Protocol.h"; sourceTree = "<group>"; };
		1590215625800E3B009D209D /* IMAPMessage-Protocol.h */ = {isa = PBXFileReference; fileEncoding = 4; lastKnownFileType = sourcecode.c.h; path = "IMAPMessage-Protocol.h"; sourceTree = "<group>"; };
		1590215725800E3B009D209D /* EDIndexableAccount-Protocol.h */ = {isa = PBXFileReference; fileEncoding = 4; lastKnownFileType = sourcecode.c.h; path = "EDIndexableAccount-Protocol.h"; sourceTree = "<group>"; };
		1590215825800E3B009D209D /* ECMessage-Protocol.h */ = {isa = PBXFileReference; fileEncoding = 4; lastKnownFileType = sourcecode.c.h; path = "ECMessage-Protocol.h"; sourceTree = "<group>"; };
		1590215925800E3B009D209D /* IMAPMessageDataSource-Protocol.h */ = {isa = PBXFileReference; fileEncoding = 4; lastKnownFileType = sourcecode.c.h; path = "IMAPMessageDataSource-Protocol.h"; sourceTree = "<group>"; };
		1590215A25800E3B009D209D /* IMAPPersistedMessage-Protocol.h */ = {isa = PBXFileReference; fileEncoding = 4; lastKnownFileType = sourcecode.c.h; path = "IMAPPersistedMessage-Protocol.h"; sourceTree = "<group>"; };
		1590215B25800E3B009D209D /* EDIndexableMessage-Protocol.h */ = {isa = PBXFileReference; fileEncoding = 4; lastKnownFileType = sourcecode.c.h; path = "EDIndexableMessage-Protocol.h"; sourceTree = "<group>"; };
		1590215C25800E3B009D209D /* MFLibrary.h */ = {isa = PBXFileReference; fileEncoding = 4; lastKnownFileType = sourcecode.c.h; path = MFLibrary.h; sourceTree = "<group>"; };
		1590215D25800E3B009D209D /* MFMessageThread.h */ = {isa = PBXFileReference; fileEncoding = 4; lastKnownFileType = sourcecode.c.h; path = MFMessageThread.h; sourceTree = "<group>"; };
		1590215E25800E3B009D209D /* EDSearchableIndexReasonProvider-Protocol.h */ = {isa = PBXFileReference; fileEncoding = 4; lastKnownFileType = sourcecode.c.h; path = "EDSearchableIndexReasonProvider-Protocol.h"; sourceTree = "<group>"; };
		1590215F25800E3B009D209D /* MCChanging-Protocol.h */ = {isa = PBXFileReference; fileEncoding = 4; lastKnownFileType = sourcecode.c.h; path = "MCChanging-Protocol.h"; sourceTree = "<group>"; };
		1590216025800E3B009D209D /* MFLibraryStore.h */ = {isa = PBXFileReference; fileEncoding = 4; lastKnownFileType = sourcecode.c.h; path = MFLibraryStore.h; sourceTree = "<group>"; };
		1590216125800E3B009D209D /* MCActivityTarget-Protocol.h */ = {isa = PBXFileReference; fileEncoding = 4; lastKnownFileType = sourcecode.c.h; path = "MCActivityTarget-Protocol.h"; sourceTree = "<group>"; };
		1590216225800E3B009D209D /* EDIndexableMailbox-Protocol.h */ = {isa = PBXFileReference; fileEncoding = 4; lastKnownFileType = sourcecode.c.h; path = "EDIndexableMailbox-Protocol.h"; sourceTree = "<group>"; };
		1590216325800E3B009D209D /* ECMailbox-Protocol.h */ = {isa = PBXFileReference; fileEncoding = 4; lastKnownFileType = sourcecode.c.h; path = "ECMailbox-Protocol.h"; sourceTree = "<group>"; };
		1590216425800E3B009D209D /* MFLibraryMessage.h */ = {isa = PBXFileReference; fileEncoding = 4; lastKnownFileType = sourcecode.c.h; path = MFLibraryMessage.h; sourceTree = "<group>"; };
		1590216625800E3B009D209D /* ECSubject.h */ = {isa = PBXFileReference; fileEncoding = 4; lastKnownFileType = sourcecode.c.h; path = ECSubject.h; sourceTree = "<group>"; };
		1590216825800E3B009D209D /* MCMessageDataSource-Protocol.h */ = {isa = PBXFileReference; fileEncoding = 4; lastKnownFileType = sourcecode.c.h; path = "MCMessageDataSource-Protocol.h"; sourceTree = "<group>"; };
		1590216A25800E3B009D209D /* MCMessageHeaders.h */ = {isa = PBXFileReference; fileEncoding = 4; lastKnownFileType = sourcecode.c.h; path = MCMessageHeaders.h; sourceTree = "<group>"; };
		1590216B25800E3B009D209D /* MCMessageSortingInterface-Protocol.h */ = {isa = PBXFileReference; fileEncoding = 4; lastKnownFileType = sourcecode.c.h; path = "MCMessageSortingInterface-Protocol.h"; sourceTree = "<group>"; };
		1590216C25800E3B009D209D /* ECMessageHeaders-Protocol.h */ = {isa = PBXFileReference; fileEncoding = 4; lastKnownFileType = sourcecode.c.h; path = "ECMessageHeaders-Protocol.h"; sourceTree = "<group>"; };
		1590216D25800E3B009D209D /* MCAttachment.h */ = {isa = PBXFileReference; fileEncoding = 4; lastKnownFileType = sourcecode.c.h; path = MCAttachment.h; sourceTree = "<group>"; };
		1590216E25800E3B009D209D /* ECMailAccount-Protocol.h */ = {isa = PBXFileReference; fileEncoding = 4; lastKnownFileType = sourcecode.c.h; path = "ECMailAccount-Protocol.h"; sourceTree = "<group>"; };
		1590216F25800E3B009D209D /* MCAttachmentDataSource-Protocol.h */ = {isa = PBXFileReference; fileEncoding = 4; lastKnownFileType = sourcecode.c.h; path = "MCAttachmentDataSource-Protocol.h"; sourceTree = "<group>"; };
		1590217025800E3B009D209D /* MCMessageBody.h */ = {isa = PBXFileReference; fileEncoding = 4; lastKnownFileType = sourcecode.c.h; path = MCMessageBody.h; sourceTree = "<group>"; };
		1590217125800E3B009D209D /* MCMessage.h */ = {isa = PBXFileReference; fileEncoding = 4; lastKnownFileType = sourcecode.c.h; path = MCMessage.h; sourceTree = "<group>"; };
		1590217225800E3B009D209D /* MCDataAttachmentDataSource.h */ = {isa = PBXFileReference; fileEncoding = 4; lastKnownFileType = sourcecode.c.h; path = MCDataAttachmentDataSource.h; sourceTree = "<group>"; };
		1590217425800EC8009D209D /* MVMailBundle.h */ = {isa = PBXFileReference; fileEncoding = 4; lastKnownFileType = sourcecode.c.h; path = MVMailBundle.h; sourceTree = "<group>"; };
		159021A7258011FD009D209D /* MCMimePart.h */ = {isa = PBXFileReference; fileEncoding = 4; lastKnownFileType = sourcecode.c.h; path = MCMimePart.h; sourceTree = "<group>"; };
		159021A8258011FD009D209D /* MCMutableMessageHeaders.h */ = {isa = PBXFileReference; fileEncoding = 4; lastKnownFileType = sourcecode.c.h; path = MCMutableMessageHeaders.h; sourceTree = "<group>"; };
		159021A9258011FD009D209D /* NSData-MailCoreAdditions.h */ = {isa = PBXFileReference; fileEncoding = 4; lastKnownFileType = sourcecode.c.h; path = "NSData-MailCoreAdditions.h"; sourceTree = "<group>"; };
		159021AA258011FD009D209D /* WebResourceLoadDelegate-Protocol.h */ = {isa = PBXFileReference; fileEncoding = 4; lastKnownFileType = sourcecode.c.h; path = "WebResourceLoadDelegate-Protocol.h"; sourceTree = "<group>"; };
		159021AB258011FD009D209D /* MCRemoteURLAttachmentDataSource.h */ = {isa = PBXFileReference; fileEncoding = 4; lastKnownFileType = sourcecode.c.h; path = MCRemoteURLAttachmentDataSource.h; sourceTree = "<group>"; };
		15A4932E257FB2700033FB9D /* MailToolbar+BPSwizzle.h */ = {isa = PBXFileReference; lastKnownFileType = sourcecode.c.h; path = "MailToolbar+BPSwizzle.h"; sourceTree = "<group>"; };
		15A4932F257FB2700033FB9D /* MailToolbar+BPSwizzle.m */ = {isa = PBXFileReference; lastKnownFileType = sourcecode.c.objc; path = "MailToolbar+BPSwizzle.m"; sourceTree = "<group>"; };
		15A498F0257FB33D0033FB9D /* MessageViewer+BPSwizzle.h */ = {isa = PBXFileReference; lastKnownFileType = sourcecode.c.h; path = "MessageViewer+BPSwizzle.h"; sourceTree = "<group>"; };
		15A498F1257FB33D0033FB9D /* MessageViewer+BPSwizzle.m */ = {isa = PBXFileReference; lastKnownFileType = sourcecode.c.objc; path = "MessageViewer+BPSwizzle.m"; sourceTree = "<group>"; };
		15A498F4257FB4660033FB9D /* BPCodeInjector.h */ = {isa = PBXFileReference; lastKnownFileType = sourcecode.c.h; path = BPCodeInjector.h; sourceTree = "<group>"; };
		15A498F5257FB4660033FB9D /* BPCodeInjector.m */ = {isa = PBXFileReference; lastKnownFileType = sourcecode.c.objc; path = BPCodeInjector.m; sourceTree = "<group>"; };
		4E4E73E2257A9FC90045AD8D /* bufFPlug.mailbundle */ = {isa = PBXFileReference; explicitFileType = wrapper.cfbundle; includeInIndex = 0; path = bufFPlug.mailbundle; sourceTree = BUILT_PRODUCTS_DIR; };
		4E4E73E5257A9FC90045AD8D /* Info.plist */ = {isa = PBXFileReference; lastKnownFileType = text.plist.xml; path = Info.plist; sourceTree = "<group>"; };
		4E4E73F1257AA06B0045AD8D /* BPMailBundle.m */ = {isa = PBXFileReference; fileEncoding = 4; lastKnownFileType = sourcecode.c.objc; path = BPMailBundle.m; sourceTree = "<group>"; };
		4E4E73F2257AA06B0045AD8D /* BPMailBundle.h */ = {isa = PBXFileReference; fileEncoding = 4; lastKnownFileType = sourcecode.c.h; path = BPMailBundle.h; sourceTree = "<group>"; };
/* End PBXFileReference section */

/* Begin PBXFrameworksBuildPhase section */
		4E4E73DF257A9FC90045AD8D /* Frameworks */ = {
			isa = PBXFrameworksBuildPhase;
			buildActionMask = 2147483647;
			files = (
			);
			runOnlyForDeploymentPostprocessing = 0;
		};
/* End PBXFrameworksBuildPhase section */

/* Begin PBXGroup section */
		15900EEC257FFB2E009D209D /* Mail Headers */ = {
			isa = PBXGroup;
			children = (
				159021A6258011FD009D209D /* MailCore Framework */,
				1590217425800EC8009D209D /* MVMailBundle.h */,
				1590216525800E3B009D209D /* EmailCore Framework - 7 */,
				1590216725800E3B009D209D /* Mail Application - 3608.40.2.2.4 */,
				1590215425800E3B009D209D /* Mail Framework - 7 */,
				1590216925800E3B009D209D /* MailCore Framework - 7 */,
			);
			path = "Mail Headers";
			sourceTree = "<group>";
		};
		1590215425800E3B009D209D /* Mail Framework - 7 */ = {
			isa = PBXGroup;
			children = (
				1590215525800E3B009D209D /* EDLibraryMessage-Protocol.h */,
				1590215625800E3B009D209D /* IMAPMessage-Protocol.h */,
				1590215725800E3B009D209D /* EDIndexableAccount-Protocol.h */,
				1590215825800E3B009D209D /* ECMessage-Protocol.h */,
				1590215925800E3B009D209D /* IMAPMessageDataSource-Protocol.h */,
				1590215A25800E3B009D209D /* IMAPPersistedMessage-Protocol.h */,
				1590215B25800E3B009D209D /* EDIndexableMessage-Protocol.h */,
				1590215C25800E3B009D209D /* MFLibrary.h */,
				1590215D25800E3B009D209D /* MFMessageThread.h */,
				1590215E25800E3B009D209D /* EDSearchableIndexReasonProvider-Protocol.h */,
				1590215F25800E3B009D209D /* MCChanging-Protocol.h */,
				1590216025800E3B009D209D /* MFLibraryStore.h */,
				1590216125800E3B009D209D /* MCActivityTarget-Protocol.h */,
				1590216225800E3B009D209D /* EDIndexableMailbox-Protocol.h */,
				1590216325800E3B009D209D /* ECMailbox-Protocol.h */,
				1590216425800E3B009D209D /* MFLibraryMessage.h */,
			);
			path = "Mail Framework - 7";
			sourceTree = "<group>";
		};
		1590216525800E3B009D209D /* EmailCore Framework - 7 */ = {
			isa = PBXGroup;
			children = (
				1590216625800E3B009D209D /* ECSubject.h */,
			);
			path = "EmailCore Framework - 7";
			sourceTree = "<group>";
		};
		1590216725800E3B009D209D /* Mail Application - 3608.40.2.2.4 */ = {
			isa = PBXGroup;
			children = (
				1590216825800E3B009D209D /* MCMessageDataSource-Protocol.h */,
			);
			path = "Mail Application - 3608.40.2.2.4";
			sourceTree = "<group>";
		};
		1590216925800E3B009D209D /* MailCore Framework - 7 */ = {
			isa = PBXGroup;
			children = (
				1590216A25800E3B009D209D /* MCMessageHeaders.h */,
				1590216B25800E3B009D209D /* MCMessageSortingInterface-Protocol.h */,
				1590216C25800E3B009D209D /* ECMessageHeaders-Protocol.h */,
				1590216D25800E3B009D209D /* MCAttachment.h */,
				1590216E25800E3B009D209D /* ECMailAccount-Protocol.h */,
				1590216F25800E3B009D209D /* MCAttachmentDataSource-Protocol.h */,
				1590217025800E3B009D209D /* MCMessageBody.h */,
				1590217125800E3B009D209D /* MCMessage.h */,
				1590217225800E3B009D209D /* MCDataAttachmentDataSource.h */,
			);
			path = "MailCore Framework - 7";
			sourceTree = "<group>";
		};
		1590219A2580112F009D209D /* Injection */ = {
			isa = PBXGroup;
			children = (
				159014BC258008F2009D209D /* NSObject+ClassInjection.h */,
				159014BD258008F2009D209D /* NSObject+ClassInjection.m */,
				15A498F4257FB4660033FB9D /* BPCodeInjector.h */,
				15A498F5257FB4660033FB9D /* BPCodeInjector.m */,
			);
			path = Injection;
			sourceTree = "<group>";
		};
		159021A6258011FD009D209D /* MailCore Framework */ = {
			isa = PBXGroup;
			children = (
				159021A7258011FD009D209D /* MCMimePart.h */,
				159021A8258011FD009D209D /* MCMutableMessageHeaders.h */,
				159021A9258011FD009D209D /* NSData-MailCoreAdditions.h */,
				159021AA258011FD009D209D /* WebResourceLoadDelegate-Protocol.h */,
				159021AB258011FD009D209D /* MCRemoteURLAttachmentDataSource.h */,
			);
			path = "MailCore Framework";
			sourceTree = "<group>";
		};
		4E4E73D9257A9FC90045AD8D = {
			isa = PBXGroup;
			children = (
				4E4E73E4257A9FC90045AD8D /* bufFPlug */,
				4E4E73E3257A9FC90045AD8D /* Products */,
			);
			sourceTree = "<group>";
		};
		4E4E73E3257A9FC90045AD8D /* Products */ = {
			isa = PBXGroup;
			children = (
				4E4E73E2257A9FC90045AD8D /* bufFPlug.mailbundle */,
			);
			name = Products;
			sourceTree = "<group>";
		};
		4E4E73E4257A9FC90045AD8D /* bufFPlug */ = {
			isa = PBXGroup;
			children = (
				1590219A2580112F009D209D /* Injection */,
				15900EEC257FFB2E009D209D /* Mail Headers */,
				4E4E73E5257A9FC90045AD8D /* Info.plist */,
				4E4E73F0257AA06B0045AD8D /* MailBundle */,
			);
			path = bufFPlug;
			sourceTree = "<group>";
		};
		4E4E73F0257AA06B0045AD8D /* MailBundle */ = {
			isa = PBXGroup;
			children = (
				4E4E73F2257AA06B0045AD8D /* BPMailBundle.h */,
				4E4E73F1257AA06B0045AD8D /* BPMailBundle.m */,
				15A4932E257FB2700033FB9D /* MailToolbar+BPSwizzle.h */,
				15A4932F257FB2700033FB9D /* MailToolbar+BPSwizzle.m */,
				15A498F0257FB33D0033FB9D /* MessageViewer+BPSwizzle.h */,
				15A498F1257FB33D0033FB9D /* MessageViewer+BPSwizzle.m */,
				159014C025800A10009D209D /* BPMCMessage.h */,
				159014C125800A10009D209D /* BPMCMessage.m */,
			);
			path = MailBundle;
			sourceTree = "<group>";
		};
/* End PBXGroup section */

/* Begin PBXNativeTarget section */
		4E4E73E1257A9FC90045AD8D /* bufFPlug */ = {
			isa = PBXNativeTarget;
			buildConfigurationList = 4E4E73E8257A9FC90045AD8D /* Build configuration list for PBXNativeTarget "bufFPlug" */;
			buildPhases = (
				4E4E73DE257A9FC90045AD8D /* Sources */,
				4E4E73DF257A9FC90045AD8D /* Frameworks */,
				4E4E73E0257A9FC90045AD8D /* Resources */,
				4E4E73F6257AA0ED0045AD8D /* Install Plugin */,
			);
			buildRules = (
			);
			dependencies = (
			);
			name = bufFPlug;
			productName = bufFPlug;
			productReference = 4E4E73E2257A9FC90045AD8D /* bufFPlug.mailbundle */;
			productType = "com.apple.product-type.bundle";
		};
/* End PBXNativeTarget section */

/* Begin PBXProject section */
		4E4E73DA257A9FC90045AD8D /* Project object */ = {
			isa = PBXProject;
			attributes = {
				LastUpgradeCheck = 1220;
				TargetAttributes = {
					4E4E73E1257A9FC90045AD8D = {
						CreatedOnToolsVersion = 12.2;
					};
				};
			};
			buildConfigurationList = 4E4E73DD257A9FC90045AD8D /* Build configuration list for PBXProject "bufFPlug" */;
			compatibilityVersion = "Xcode 9.3";
			developmentRegion = en;
			hasScannedForEncodings = 0;
			knownRegions = (
				en,
				Base,
			);
			mainGroup = 4E4E73D9257A9FC90045AD8D;
			productRefGroup = 4E4E73E3257A9FC90045AD8D /* Products */;
			projectDirPath = "";
			projectRoot = "";
			targets = (
				4E4E73E1257A9FC90045AD8D /* bufFPlug */,
			);
		};
/* End PBXProject section */

/* Begin PBXResourcesBuildPhase section */
		4E4E73E0257A9FC90045AD8D /* Resources */ = {
			isa = PBXResourcesBuildPhase;
			buildActionMask = 2147483647;
			files = (
			);
			runOnlyForDeploymentPostprocessing = 0;
		};
/* End PBXResourcesBuildPhase section */

/* Begin PBXShellScriptBuildPhase section */
		4E4E73F6257AA0ED0045AD8D /* Install Plugin */ = {
			isa = PBXShellScriptBuildPhase;
			buildActionMask = 2147483647;
			files = (
			);
			inputFileListPaths = (
			);
			inputPaths = (
			);
			name = "Install Plugin";
			outputFileListPaths = (
			);
			outputPaths = (
			);
			runOnlyForDeploymentPostprocessing = 0;
			shellPath = /bin/sh;
			shellScript = "LIBRARY_PATH=\"$HOME/Library/Mail/Bundles\"\nexport SUDO_ASKPASS=\"${PROJECT_DIR}/secretSudoPassword.sh\"\n\n# cleanup\nsudo -A rm -fr \"$LIBRARY_PATH/$FULL_PRODUCT_NAME\"\n\n# Install\nsudo -A mkdir -p \"$LIBRARY_PATH\"\nsudo -A cp -RH \"$TARGET_BUILD_DIR/$FULL_PRODUCT_NAME\" \"$LIBRARY_PATH\"\n";
		};
/* End PBXShellScriptBuildPhase section */

/* Begin PBXSourcesBuildPhase section */
		4E4E73DE257A9FC90045AD8D /* Sources */ = {
			isa = PBXSourcesBuildPhase;
			buildActionMask = 2147483647;
			files = (
				4E4E73F3257AA06B0045AD8D /* BPMailBundle.m in Sources */,
				159014C225800A10009D209D /* BPMCMessage.m in Sources */,
				159014BE258008F2009D209D /* NSObject+ClassInjection.m in Sources */,
				15A498F2257FB33D0033FB9D /* MessageViewer+BPSwizzle.m in Sources */,
				15A498F6257FB4660033FB9D /* BPCodeInjector.m in Sources */,
				15A49330257FB2700033FB9D /* MailToolbar+BPSwizzle.m in Sources */,
			);
			runOnlyForDeploymentPostprocessing = 0;
		};
/* End PBXSourcesBuildPhase section */

/* Begin XCBuildConfiguration section */
		4E4E73E6257A9FC90045AD8D /* Debug */ = {
			isa = XCBuildConfiguration;
			buildSettings = {
				ALWAYS_SEARCH_USER_PATHS = NO;
				CLANG_ANALYZER_NONNULL = YES;
				CLANG_ANALYZER_NUMBER_OBJECT_CONVERSION = YES_AGGRESSIVE;
				CLANG_CXX_LANGUAGE_STANDARD = "gnu++14";
				CLANG_CXX_LIBRARY = "libc++";
				CLANG_ENABLE_MODULES = YES;
				CLANG_ENABLE_OBJC_ARC = YES;
				CLANG_ENABLE_OBJC_WEAK = YES;
				CLANG_WARN_BLOCK_CAPTURE_AUTORELEASING = YES;
				CLANG_WARN_BOOL_CONVERSION = YES;
				CLANG_WARN_COMMA = YES;
				CLANG_WARN_CONSTANT_CONVERSION = YES;
				CLANG_WARN_DEPRECATED_OBJC_IMPLEMENTATIONS = YES;
				CLANG_WARN_DIRECT_OBJC_ISA_USAGE = YES_ERROR;
				CLANG_WARN_DOCUMENTATION_COMMENTS = YES;
				CLANG_WARN_EMPTY_BODY = YES;
				CLANG_WARN_ENUM_CONVERSION = YES;
				CLANG_WARN_INFINITE_RECURSION = YES;
				CLANG_WARN_INT_CONVERSION = YES;
				CLANG_WARN_NON_LITERAL_NULL_CONVERSION = YES;
				CLANG_WARN_OBJC_IMPLICIT_RETAIN_SELF = YES;
				CLANG_WARN_OBJC_LITERAL_CONVERSION = YES;
				CLANG_WARN_OBJC_ROOT_CLASS = YES_ERROR;
				CLANG_WARN_QUOTED_INCLUDE_IN_FRAMEWORK_HEADER = YES;
				CLANG_WARN_RANGE_LOOP_ANALYSIS = YES;
				CLANG_WARN_STRICT_PROTOTYPES = YES;
				CLANG_WARN_SUSPICIOUS_MOVE = YES;
				CLANG_WARN_UNGUARDED_AVAILABILITY = YES_AGGRESSIVE;
				CLANG_WARN_UNREACHABLE_CODE = YES;
				CLANG_WARN__DUPLICATE_METHOD_MATCH = YES;
				COPY_PHASE_STRIP = NO;
				DEBUG_INFORMATION_FORMAT = dwarf;
				ENABLE_STRICT_OBJC_MSGSEND = YES;
				ENABLE_TESTABILITY = YES;
				GCC_C_LANGUAGE_STANDARD = gnu11;
				GCC_DYNAMIC_NO_PIC = NO;
				GCC_NO_COMMON_BLOCKS = YES;
				GCC_OPTIMIZATION_LEVEL = 0;
				GCC_PREPROCESSOR_DEFINITIONS = (
					"DEBUG=1",
					"$(inherited)",
				);
				GCC_WARN_64_TO_32_BIT_CONVERSION = YES;
				GCC_WARN_ABOUT_RETURN_TYPE = YES_ERROR;
				GCC_WARN_UNDECLARED_SELECTOR = YES;
				GCC_WARN_UNINITIALIZED_AUTOS = YES_AGGRESSIVE;
				GCC_WARN_UNUSED_FUNCTION = YES;
				GCC_WARN_UNUSED_VARIABLE = YES;
				MACOSX_DEPLOYMENT_TARGET = 11.0;
				MTL_ENABLE_DEBUG_INFO = INCLUDE_SOURCE;
				MTL_FAST_MATH = YES;
				ONLY_ACTIVE_ARCH = YES;
				OTHER_LDFLAGS = (
					"-undefined",
					dynamic_lookup,
				);
				SDKROOT = macosx;
			};
			name = Debug;
		};
		4E4E73E7257A9FC90045AD8D /* Release */ = {
			isa = XCBuildConfiguration;
			buildSettings = {
				ALWAYS_SEARCH_USER_PATHS = NO;
				CLANG_ANALYZER_NONNULL = YES;
				CLANG_ANALYZER_NUMBER_OBJECT_CONVERSION = YES_AGGRESSIVE;
				CLANG_CXX_LANGUAGE_STANDARD = "gnu++14";
				CLANG_CXX_LIBRARY = "libc++";
				CLANG_ENABLE_MODULES = YES;
				CLANG_ENABLE_OBJC_ARC = YES;
				CLANG_ENABLE_OBJC_WEAK = YES;
				CLANG_WARN_BLOCK_CAPTURE_AUTORELEASING = YES;
				CLANG_WARN_BOOL_CONVERSION = YES;
				CLANG_WARN_COMMA = YES;
				CLANG_WARN_CONSTANT_CONVERSION = YES;
				CLANG_WARN_DEPRECATED_OBJC_IMPLEMENTATIONS = YES;
				CLANG_WARN_DIRECT_OBJC_ISA_USAGE = YES_ERROR;
				CLANG_WARN_DOCUMENTATION_COMMENTS = YES;
				CLANG_WARN_EMPTY_BODY = YES;
				CLANG_WARN_ENUM_CONVERSION = YES;
				CLANG_WARN_INFINITE_RECURSION = YES;
				CLANG_WARN_INT_CONVERSION = YES;
				CLANG_WARN_NON_LITERAL_NULL_CONVERSION = YES;
				CLANG_WARN_OBJC_IMPLICIT_RETAIN_SELF = YES;
				CLANG_WARN_OBJC_LITERAL_CONVERSION = YES;
				CLANG_WARN_OBJC_ROOT_CLASS = YES_ERROR;
				CLANG_WARN_QUOTED_INCLUDE_IN_FRAMEWORK_HEADER = YES;
				CLANG_WARN_RANGE_LOOP_ANALYSIS = YES;
				CLANG_WARN_STRICT_PROTOTYPES = YES;
				CLANG_WARN_SUSPICIOUS_MOVE = YES;
				CLANG_WARN_UNGUARDED_AVAILABILITY = YES_AGGRESSIVE;
				CLANG_WARN_UNREACHABLE_CODE = YES;
				CLANG_WARN__DUPLICATE_METHOD_MATCH = YES;
				COPY_PHASE_STRIP = NO;
				DEBUG_INFORMATION_FORMAT = "dwarf-with-dsym";
				ENABLE_NS_ASSERTIONS = NO;
				ENABLE_STRICT_OBJC_MSGSEND = YES;
				GCC_C_LANGUAGE_STANDARD = gnu11;
				GCC_NO_COMMON_BLOCKS = YES;
				GCC_WARN_64_TO_32_BIT_CONVERSION = YES;
				GCC_WARN_ABOUT_RETURN_TYPE = YES_ERROR;
				GCC_WARN_UNDECLARED_SELECTOR = YES;
				GCC_WARN_UNINITIALIZED_AUTOS = YES_AGGRESSIVE;
				GCC_WARN_UNUSED_FUNCTION = YES;
				GCC_WARN_UNUSED_VARIABLE = YES;
				MACOSX_DEPLOYMENT_TARGET = 11.0;
				MTL_ENABLE_DEBUG_INFO = NO;
				MTL_FAST_MATH = YES;
				OTHER_LDFLAGS = (
					"-undefined",
					dynamic_lookup,
				);
				SDKROOT = macosx;
			};
			name = Release;
		};
		4E4E73E9257A9FC90045AD8D /* Debug */ = {
			isa = XCBuildConfiguration;
			buildSettings = {
				CODE_SIGN_IDENTITY = "-";
				CODE_SIGN_STYLE = Automatic;
				COMBINE_HIDPI_IMAGES = YES;
				DEVELOPMENT_TEAM = NQLYU6MGPN;
				INFOPLIST_FILE = bufFPlug/Info.plist;
				INSTALL_PATH = "$(LOCAL_LIBRARY_DIR)/Bundles";
				MACOSX_DEPLOYMENT_TARGET = 10.15;
				PRODUCT_BUNDLE_IDENTIFIER = de.buffhaltestelle.bufFPlug;
				PRODUCT_NAME = "$(TARGET_NAME)";
				SKIP_INSTALL = YES;
				WRAPPER_EXTENSION = mailbundle;
			};
			name = Debug;
		};
		4E4E73EA257A9FC90045AD8D /* Release */ = {
			isa = XCBuildConfiguration;
			buildSettings = {
				CODE_SIGN_IDENTITY = "-";
				CODE_SIGN_STYLE = Automatic;
				COMBINE_HIDPI_IMAGES = YES;
				DEVELOPMENT_TEAM = NQLYU6MGPN;
				INFOPLIST_FILE = bufFPlug/Info.plist;
				INSTALL_PATH = "$(LOCAL_LIBRARY_DIR)/Bundles";
				MACOSX_DEPLOYMENT_TARGET = 10.15;
				PRODUCT_BUNDLE_IDENTIFIER = de.buffhaltestelle.bufFPlug;
				PRODUCT_NAME = "$(TARGET_NAME)";
				SKIP_INSTALL = YES;
				WRAPPER_EXTENSION = mailbundle;
			};
			name = Release;
		};
/* End XCBuildConfiguration section */

/* Begin XCConfigurationList section */
		4E4E73DD257A9FC90045AD8D /* Build configuration list for PBXProject "bufFPlug" */ = {
			isa = XCConfigurationList;
			buildConfigurations = (
				4E4E73E6257A9FC90045AD8D /* Debug */,
				4E4E73E7257A9FC90045AD8D /* Release */,
			);
			defaultConfigurationIsVisible = 0;
			defaultConfigurationName = Release;
		};
		4E4E73E8257A9FC90045AD8D /* Build configuration list for PBXNativeTarget "bufFPlug" */ = {
			isa = XCConfigurationList;
			buildConfigurations = (
				4E4E73E9257A9FC90045AD8D /* Debug */,
				4E4E73EA257A9FC90045AD8D /* Release */,
			);
			defaultConfigurationIsVisible = 0;
			defaultConfigurationName = Release;
		};
/* End XCConfigurationList section */
	};
	rootObject = 4E4E73DA257A9FC90045AD8D /* Project object */;
}
