// !$*UTF8*$!
{
	archiveVersion = 1;
	classes = {
	};
	objectVersion = 50;
	objects = {

/* Begin PBXBuildFile section */
		156776DC257E9C58003B3403 /* BPMailBundle.m in Sources */ = {isa = PBXBuildFile; fileRef = 156776DB257E9C58003B3403 /* BPMailBundle.m */; };
		15900ECB257FF4A4009D209D /* BPCodeInjector.m in Sources */ = {isa = PBXBuildFile; fileRef = 15900ECA257FF4A4009D209D /* BPCodeInjector.m */; };
		15900ED2257FF54F009D209D /* MailToolbar+BPSwizzle.m in Sources */ = {isa = PBXBuildFile; fileRef = 15900ED0257FF54F009D209D /* MailToolbar+BPSwizzle.m */; };
		15900ED3257FF54F009D209D /* MessageViewer+BPSwizzle.m in Sources */ = {isa = PBXBuildFile; fileRef = 15900ED1257FF54F009D209D /* MessageViewer+BPSwizzle.m */; };
/* End PBXBuildFile section */

/* Begin PBXFileReference section */
		155C3FE1257E96970070C9AE /* bufFPlug.mailbundle */ = {isa = PBXFileReference; explicitFileType = wrapper.cfbundle; includeInIndex = 0; path = bufFPlug.mailbundle; sourceTree = BUILT_PRODUCTS_DIR; };
		155C3FE4257E96970070C9AE /* Info.plist */ = {isa = PBXFileReference; lastKnownFileType = text.plist.xml; path = Info.plist; sourceTree = "<group>"; };
		156776D8257E9C1B003B3403 /* MVMailBundle.h */ = {isa = PBXFileReference; fileEncoding = 4; lastKnownFileType = sourcecode.c.h; path = MVMailBundle.h; sourceTree = "<group>"; };
		156776DA257E9C58003B3403 /* BPMailBundle.h */ = {isa = PBXFileReference; lastKnownFileType = sourcecode.c.h; path = BPMailBundle.h; sourceTree = "<group>"; };
		156776DB257E9C58003B3403 /* BPMailBundle.m */ = {isa = PBXFileReference; lastKnownFileType = sourcecode.c.objc; path = BPMailBundle.m; sourceTree = "<group>"; };
		15900EC9257FF4A4009D209D /* BPCodeInjector.h */ = {isa = PBXFileReference; fileEncoding = 4; lastKnownFileType = sourcecode.c.h; path = BPCodeInjector.h; sourceTree = "<group>"; };
		15900ECA257FF4A4009D209D /* BPCodeInjector.m */ = {isa = PBXFileReference; fileEncoding = 4; lastKnownFileType = sourcecode.c.objc; path = BPCodeInjector.m; sourceTree = "<group>"; };
		15900ECE257FF54F009D209D /* MailToolbar+BPSwizzle.h */ = {isa = PBXFileReference; fileEncoding = 4; lastKnownFileType = sourcecode.c.h; path = "MailToolbar+BPSwizzle.h"; sourceTree = "<group>"; };
		15900ECF257FF54F009D209D /* MessageViewer+BPSwizzle.h */ = {isa = PBXFileReference; fileEncoding = 4; lastKnownFileType = sourcecode.c.h; path = "MessageViewer+BPSwizzle.h"; sourceTree = "<group>"; };
		15900ED0257FF54F009D209D /* MailToolbar+BPSwizzle.m */ = {isa = PBXFileReference; fileEncoding = 4; lastKnownFileType = sourcecode.c.objc; path = "MailToolbar+BPSwizzle.m"; sourceTree = "<group>"; };
		15900ED1257FF54F009D209D /* MessageViewer+BPSwizzle.m */ = {isa = PBXFileReference; fileEncoding = 4; lastKnownFileType = sourcecode.c.objc; path = "MessageViewer+BPSwizzle.m"; sourceTree = "<group>"; };
/* End PBXFileReference section */

/* Begin PBXFrameworksBuildPhase section */
		155C3FDE257E96970070C9AE /* Frameworks */ = {
			isa = PBXFrameworksBuildPhase;
			buildActionMask = 2147483647;
			files = (
			);
			runOnlyForDeploymentPostprocessing = 0;
		};
/* End PBXFrameworksBuildPhase section */

/* Begin PBXGroup section */
		155C3FD8257E96970070C9AE = {
			isa = PBXGroup;
			children = (
				155C3FE3257E96970070C9AE /* bufFPlug */,
				155C3FE2257E96970070C9AE /* Products */,
			);
			sourceTree = "<group>";
		};
		155C3FE2257E96970070C9AE /* Products */ = {
			isa = PBXGroup;
			children = (
				155C3FE1257E96970070C9AE /* bufFPlug.mailbundle */,
			);
			name = Products;
			sourceTree = "<group>";
		};
		155C3FE3257E96970070C9AE /* bufFPlug */ = {
			isa = PBXGroup;
			children = (
				156776D7257E9BED003B3403 /* MailHeaders */,
				156776D9257E9C24003B3403 /* src */,
				155C3FE4257E96970070C9AE /* Info.plist */,
			);
			path = bufFPlug;
			sourceTree = "<group>";
		};
		156776D7257E9BED003B3403 /* MailHeaders */ = {
			isa = PBXGroup;
			children = (
				156776D8257E9C1B003B3403 /* MVMailBundle.h */,
			);
			path = MailHeaders;
			sourceTree = "<group>";
		};
		156776D9257E9C24003B3403 /* src */ = {
			isa = PBXGroup;
			children = (
				15900ECD257FF54F009D209D /* MailInjectorExtensions */,
				15900EC7257FF47D009D209D /* CodeInjector */,
				156776DA257E9C58003B3403 /* BPMailBundle.h */,
				156776DB257E9C58003B3403 /* BPMailBundle.m */,
			);
			path = src;
			sourceTree = "<group>";
		};
		15900EC7257FF47D009D209D /* CodeInjector */ = {
			isa = PBXGroup;
			children = (
				15900EC8257FF4A4009D209D /* CodeInjector */,
			);
			path = CodeInjector;
			sourceTree = "<group>";
		};
		15900EC8257FF4A4009D209D /* CodeInjector */ = {
			isa = PBXGroup;
			children = (
				15900EC9257FF4A4009D209D /* BPCodeInjector.h */,
				15900ECA257FF4A4009D209D /* BPCodeInjector.m */,
			);
			name = CodeInjector;
			sourceTree = "<group>";
		};
		15900ECD257FF54F009D209D /* MailInjectorExtensions */ = {
			isa = PBXGroup;
			children = (
				15900ECE257FF54F009D209D /* MailToolbar+BPSwizzle.h */,
				15900ED0257FF54F009D209D /* MailToolbar+BPSwizzle.m */,
				15900ECF257FF54F009D209D /* MessageViewer+BPSwizzle.h */,
				15900ED1257FF54F009D209D /* MessageViewer+BPSwizzle.m */,
			);
			path = MailInjectorExtensions;
			sourceTree = "<group>";
		};
/* End PBXGroup section */

/* Begin PBXNativeTarget section */
		155C3FE0257E96970070C9AE /* bufFPlug */ = {
			isa = PBXNativeTarget;
			buildConfigurationList = 155C3FE7257E96970070C9AE /* Build configuration list for PBXNativeTarget "bufFPlug" */;
			buildPhases = (
				155C3FDD257E96970070C9AE /* Sources */,
				155C3FDE257E96970070C9AE /* Frameworks */,
				155C3FDF257E96970070C9AE /* Resources */,
				156776D5257E99A5003B3403 /* Install Bundle For User */,
			);
			buildRules = (
			);
			dependencies = (
			);
			name = bufFPlug;
			productName = bufFPlug;
			productReference = 155C3FE1257E96970070C9AE /* bufFPlug.mailbundle */;
			productType = "com.apple.product-type.bundle";
		};
/* End PBXNativeTarget section */

/* Begin PBXProject section */
		155C3FD9257E96970070C9AE /* Project object */ = {
			isa = PBXProject;
			attributes = {
				LastUpgradeCheck = 1220;
				TargetAttributes = {
					155C3FE0257E96970070C9AE = {
						CreatedOnToolsVersion = 12.2;
					};
				};
			};
			buildConfigurationList = 155C3FDC257E96970070C9AE /* Build configuration list for PBXProject "bufFPlug" */;
			compatibilityVersion = "Xcode 9.3";
			developmentRegion = en;
			hasScannedForEncodings = 0;
			knownRegions = (
				en,
				Base,
			);
			mainGroup = 155C3FD8257E96970070C9AE;
			productRefGroup = 155C3FE2257E96970070C9AE /* Products */;
			projectDirPath = "";
			projectRoot = "";
			targets = (
				155C3FE0257E96970070C9AE /* bufFPlug */,
			);
		};
/* End PBXProject section */

/* Begin PBXResourcesBuildPhase section */
		155C3FDF257E96970070C9AE /* Resources */ = {
			isa = PBXResourcesBuildPhase;
			buildActionMask = 2147483647;
			files = (
			);
			runOnlyForDeploymentPostprocessing = 0;
		};
/* End PBXResourcesBuildPhase section */

/* Begin PBXShellScriptBuildPhase section */
		156776D5257E99A5003B3403 /* Install Bundle For User */ = {
			isa = PBXShellScriptBuildPhase;
			buildActionMask = 2147483647;
			files = (
			);
			inputFileListPaths = (
			);
			inputPaths = (
			);
			name = "Install Bundle For User";
			outputFileListPaths = (
			);
			outputPaths = (
			);
			runOnlyForDeploymentPostprocessing = 0;
			shellPath = /bin/sh;
			shellScript = "LIBRARY_PATH=\"$HOME/Library/Mail/Bundles\"\nexport SUDO_ASKPASS=\"${PROJECT_DIR}/secretSudoPassword.sh\"\n\n# cleanup\nsudo -A rm -fr \"$LIBRARY_PATH/$FULL_PRODUCT_NAME\"\n\n# Install\nsudo -A mkdir -p \"$LIBRARY_PATH\"\nsudo -A cp -RH \"$TARGET_BUILD_DIR/$FULL_PRODUCT_NAME\" \"$LIBRARY_PATH\"\n";
		};
/* End PBXShellScriptBuildPhase section */

/* Begin PBXSourcesBuildPhase section */
		155C3FDD257E96970070C9AE /* Sources */ = {
			isa = PBXSourcesBuildPhase;
			buildActionMask = 2147483647;
			files = (
				15900ED3257FF54F009D209D /* MessageViewer+BPSwizzle.m in Sources */,
				15900ED2257FF54F009D209D /* MailToolbar+BPSwizzle.m in Sources */,
				15900ECB257FF4A4009D209D /* BPCodeInjector.m in Sources */,
				156776DC257E9C58003B3403 /* BPMailBundle.m in Sources */,
			);
			runOnlyForDeploymentPostprocessing = 0;
		};
/* End PBXSourcesBuildPhase section */

/* Begin XCBuildConfiguration section */
		155C3FE5257E96970070C9AE /* Debug */ = {
			isa = XCBuildConfiguration;
			buildSettings = {
				ALWAYS_SEARCH_USER_PATHS = NO;
				CLANG_ANALYZER_NONNULL = YES;
				CLANG_ANALYZER_NUMBER_OBJECT_CONVERSION = YES_AGGRESSIVE;
				CLANG_CXX_LANGUAGE_STANDARD = "gnu++14";
				CLANG_CXX_LIBRARY = "libc++";
				CLANG_ENABLE_MODULES = YES;
				CLANG_ENABLE_OBJC_ARC = YES;
				CLANG_ENABLE_OBJC_WEAK = YES;
				CLANG_WARN_BLOCK_CAPTURE_AUTORELEASING = YES;
				CLANG_WARN_BOOL_CONVERSION = YES;
				CLANG_WARN_COMMA = YES;
				CLANG_WARN_CONSTANT_CONVERSION = YES;
				CLANG_WARN_DEPRECATED_OBJC_IMPLEMENTATIONS = YES;
				CLANG_WARN_DIRECT_OBJC_ISA_USAGE = YES_ERROR;
				CLANG_WARN_DOCUMENTATION_COMMENTS = YES;
				CLANG_WARN_EMPTY_BODY = YES;
				CLANG_WARN_ENUM_CONVERSION = YES;
				CLANG_WARN_INFINITE_RECURSION = YES;
				CLANG_WARN_INT_CONVERSION = YES;
				CLANG_WARN_NON_LITERAL_NULL_CONVERSION = YES;
				CLANG_WARN_OBJC_IMPLICIT_RETAIN_SELF = YES;
				CLANG_WARN_OBJC_LITERAL_CONVERSION = YES;
				CLANG_WARN_OBJC_ROOT_CLASS = YES_ERROR;
				CLANG_WARN_QUOTED_INCLUDE_IN_FRAMEWORK_HEADER = YES;
				CLANG_WARN_RANGE_LOOP_ANALYSIS = YES;
				CLANG_WARN_STRICT_PROTOTYPES = YES;
				CLANG_WARN_SUSPICIOUS_MOVE = YES;
				CLANG_WARN_UNGUARDED_AVAILABILITY = YES_AGGRESSIVE;
				CLANG_WARN_UNREACHABLE_CODE = YES;
				CLANG_WARN__DUPLICATE_METHOD_MATCH = YES;
				COPY_PHASE_STRIP = NO;
				DEBUG_INFORMATION_FORMAT = dwarf;
				ENABLE_STRICT_OBJC_MSGSEND = YES;
				ENABLE_TESTABILITY = YES;
				GCC_C_LANGUAGE_STANDARD = gnu11;
				GCC_DYNAMIC_NO_PIC = NO;
				GCC_NO_COMMON_BLOCKS = YES;
				GCC_OPTIMIZATION_LEVEL = 0;
				GCC_PREPROCESSOR_DEFINITIONS = (
					"DEBUG=1",
					"$(inherited)",
				);
				GCC_WARN_64_TO_32_BIT_CONVERSION = YES;
				GCC_WARN_ABOUT_RETURN_TYPE = YES_ERROR;
				GCC_WARN_UNDECLARED_SELECTOR = YES;
				GCC_WARN_UNINITIALIZED_AUTOS = YES_AGGRESSIVE;
				GCC_WARN_UNUSED_FUNCTION = YES;
				GCC_WARN_UNUSED_VARIABLE = YES;
				MACOSX_DEPLOYMENT_TARGET = 11.0;
				MTL_ENABLE_DEBUG_INFO = INCLUDE_SOURCE;
				MTL_FAST_MATH = YES;
				ONLY_ACTIVE_ARCH = YES;
				SDKROOT = macosx;
			};
			name = Debug;
		};
		155C3FE6257E96970070C9AE /* Release */ = {
			isa = XCBuildConfiguration;
			buildSettings = {
				ALWAYS_SEARCH_USER_PATHS = NO;
				CLANG_ANALYZER_NONNULL = YES;
				CLANG_ANALYZER_NUMBER_OBJECT_CONVERSION = YES_AGGRESSIVE;
				CLANG_CXX_LANGUAGE_STANDARD = "gnu++14";
				CLANG_CXX_LIBRARY = "libc++";
				CLANG_ENABLE_MODULES = YES;
				CLANG_ENABLE_OBJC_ARC = YES;
				CLANG_ENABLE_OBJC_WEAK = YES;
				CLANG_WARN_BLOCK_CAPTURE_AUTORELEASING = YES;
				CLANG_WARN_BOOL_CONVERSION = YES;
				CLANG_WARN_COMMA = YES;
				CLANG_WARN_CONSTANT_CONVERSION = YES;
				CLANG_WARN_DEPRECATED_OBJC_IMPLEMENTATIONS = YES;
				CLANG_WARN_DIRECT_OBJC_ISA_USAGE = YES_ERROR;
				CLANG_WARN_DOCUMENTATION_COMMENTS = YES;
				CLANG_WARN_EMPTY_BODY = YES;
				CLANG_WARN_ENUM_CONVERSION = YES;
				CLANG_WARN_INFINITE_RECURSION = YES;
				CLANG_WARN_INT_CONVERSION = YES;
				CLANG_WARN_NON_LITERAL_NULL_CONVERSION = YES;
				CLANG_WARN_OBJC_IMPLICIT_RETAIN_SELF = YES;
				CLANG_WARN_OBJC_LITERAL_CONVERSION = YES;
				CLANG_WARN_OBJC_ROOT_CLASS = YES_ERROR;
				CLANG_WARN_QUOTED_INCLUDE_IN_FRAMEWORK_HEADER = YES;
				CLANG_WARN_RANGE_LOOP_ANALYSIS = YES;
				CLANG_WARN_STRICT_PROTOTYPES = YES;
				CLANG_WARN_SUSPICIOUS_MOVE = YES;
				CLANG_WARN_UNGUARDED_AVAILABILITY = YES_AGGRESSIVE;
				CLANG_WARN_UNREACHABLE_CODE = YES;
				CLANG_WARN__DUPLICATE_METHOD_MATCH = YES;
				COPY_PHASE_STRIP = NO;
				DEBUG_INFORMATION_FORMAT = "dwarf-with-dsym";
				ENABLE_NS_ASSERTIONS = NO;
				ENABLE_STRICT_OBJC_MSGSEND = YES;
				GCC_C_LANGUAGE_STANDARD = gnu11;
				GCC_NO_COMMON_BLOCKS = YES;
				GCC_WARN_64_TO_32_BIT_CONVERSION = YES;
				GCC_WARN_ABOUT_RETURN_TYPE = YES_ERROR;
				GCC_WARN_UNDECLARED_SELECTOR = YES;
				GCC_WARN_UNINITIALIZED_AUTOS = YES_AGGRESSIVE;
				GCC_WARN_UNUSED_FUNCTION = YES;
				GCC_WARN_UNUSED_VARIABLE = YES;
				MACOSX_DEPLOYMENT_TARGET = 11.0;
				MTL_ENABLE_DEBUG_INFO = NO;
				MTL_FAST_MATH = YES;
				SDKROOT = macosx;
			};
			name = Release;
		};
		155C3FE8257E96970070C9AE /* Debug */ = {
			isa = XCBuildConfiguration;
			buildSettings = {
				CODE_SIGN_STYLE = Automatic;
				COMBINE_HIDPI_IMAGES = YES;
				DEVELOPMENT_TEAM = NQLYU6MGPN;
				INFOPLIST_FILE = bufFPlug/Info.plist;
				INSTALL_PATH = "$(LOCAL_LIBRARY_DIR)/Bundles";
				PRODUCT_BUNDLE_IDENTIFIER = security.pep.bufFPlug;
				PRODUCT_NAME = "$(TARGET_NAME)";
				SKIP_INSTALL = YES;
				WRAPPER_EXTENSION = mailbundle;
			};
			name = Debug;
		};
		155C3FE9257E96970070C9AE /* Release */ = {
			isa = XCBuildConfiguration;
			buildSettings = {
				CODE_SIGN_STYLE = Automatic;
				COMBINE_HIDPI_IMAGES = YES;
				DEVELOPMENT_TEAM = NQLYU6MGPN;
				INFOPLIST_FILE = bufFPlug/Info.plist;
				INSTALL_PATH = "$(LOCAL_LIBRARY_DIR)/Bundles";
				PRODUCT_BUNDLE_IDENTIFIER = security.pep.bufFPlug;
				PRODUCT_NAME = "$(TARGET_NAME)";
				SKIP_INSTALL = YES;
				WRAPPER_EXTENSION = mailbundle;
			};
			name = Release;
		};
/* End XCBuildConfiguration section */

/* Begin XCConfigurationList section */
		155C3FDC257E96970070C9AE /* Build configuration list for PBXProject "bufFPlug" */ = {
			isa = XCConfigurationList;
			buildConfigurations = (
				155C3FE5257E96970070C9AE /* Debug */,
				155C3FE6257E96970070C9AE /* Release */,
			);
			defaultConfigurationIsVisible = 0;
			defaultConfigurationName = Release;
		};
		155C3FE7257E96970070C9AE /* Build configuration list for PBXNativeTarget "bufFPlug" */ = {
			isa = XCConfigurationList;
			buildConfigurations = (
				155C3FE8257E96970070C9AE /* Debug */,
				155C3FE9257E96970070C9AE /* Release */,
			);
			defaultConfigurationIsVisible = 0;
			defaultConfigurationName = Release;
		};
/* End XCConfigurationList section */
	};
	rootObject = 155C3FD9257E96970070C9AE /* Project object */;
}
